{
  "name": "@socketsecurity/hook-check-new-deps",
  "lockfileVersion": 3,
  "requires": true,
  "packages": {
    "": {
      "name": "@socketsecurity/hook-check-new-deps",
      "dependencies": {
        "@socketregistry/packageurl-js": "1.4.2",
        "@socketsecurity/lib": "5.18.2",
        "@socketsecurity/sdk": "4.0.1"
      },
      "devDependencies": {
        "@types/node": "24.9.2"
      }
    },
    "node_modules/@socketregistry/packageurl-js": {
      "version": "1.4.2",
      "resolved": "https://registry.npmjs.org/@socketregistry/packageurl-js/-/packageurl-js-1.4.2.tgz",
      "integrity": "sha512-yt9UfUzD02wZ7kwb67oe4jxG2D9JtgPqjrK/ans2BovFyeie0w8hvRR0MuOWM4mUt2371oFPp7NB6O5ZjYJmlw==",
      "license": "MIT",
      "engines": {
        "node": ">=18.20.8",
        "pnpm": ">=11.0.0-rc.0"
      }
    },
    "node_modules/@socketsecurity/lib": {
      "version": "5.18.2",
      "resolved": "https://registry.npmjs.org/@socketsecurity/lib/-/lib-5.18.2.tgz",
      "integrity": "sha512-h6aGfphQ9jdVjUMGIKJcsIvT6BmzBo0OD20HzeK+6KQJi2HupfCUzIH26vDPxf+aYVmrX0/hKJDYI5sXfTGx9A==",
      "license": "MIT",
      "engines": {
        "node": ">=22",
        "pnpm": ">=11.0.0-rc.0"
      },
      "peerDependencies": {
        "typescript": ">=5.0.0"
      },
      "peerDependenciesMeta": {
        "typescript": {
          "optional": true
        }
      }
    },
    "node_modules/@socketsecurity/sdk": {
      "version": "4.0.1",
      "resolved": "https://registry.npmjs.org/@socketsecurity/sdk/-/sdk-4.0.1.tgz",
      "integrity": "sha512-fe3DQp2dFwhc0G6Za36GIMSV+QaPAP5L96K3ZOtywt9nhbwxc9IQwqzdOVztdn5Rbez3t9EHU9Esj24/hWdP0g==",
      "license": "MIT",
      "engines": {
        "node": ">=18.20.8",
        "pnpm": ">=11.0.0-rc.0"
      }
    },
    "node_modules/@types/node": {
      "version": "24.9.2",
      "resolved": "https://registry.npmjs.org/@types/node/-/node-24.9.2.tgz",
      "integrity": "sha512-uWN8YqxXxqFMX2RqGOrumsKeti4LlmIMIyV0lgut4jx7KQBcBiW6vkDtIBvHnHIquwNfJhk8v2OtmO8zXWHfPA==",
      "dev": true,
      "license": "MIT",
      "dependencies": {
        "undici-types": "~7.16.0"
      }
    },
    "node_modules/undici-types": {
      "version": "7.16.0",
      "resolved": "https://registry.npmjs.org/undici-types/-/undici-types-7.16.0.tgz",
      "integrity": "sha512-Zz+aZWSj8LE6zoxD+xrjh4VfkIG8Ya6LvYkZqtUQGJPZjYl53ypCaUwWqo7eI0x66KBGeRo+mlBEkMSeSZ38Nw==",
      "dev": true,
      "license": "MIT"
    }
  }
}
